// !$*UTF8*$!
{
	archiveVersion = 1;
	classes = {
	};
	objectVersion = 50;
	objects = {

/* Begin PBXBuildFile section */
		1B2F15152669869900A2626E /* FruitCardView.swift in Sources */ = {isa = PBXBuildFile; fileRef = 1B2F15142669869900A2626E /* FruitCardView.swift */; };
		1B2F151826698C0500A2626E /* StartButtonView.swift in Sources */ = {isa = PBXBuildFile; fileRef = 1B2F151726698C0500A2626E /* StartButtonView.swift */; };
		1B2F151B26698F8200A2626E /* OnboardingView.swift in Sources */ = {isa = PBXBuildFile; fileRef = 1B2F151A26698F8200A2626E /* OnboardingView.swift */; };
		1B2F151F266993BD00A2626E /* FruitModel.swift in Sources */ = {isa = PBXBuildFile; fileRef = 1B2F151E266993BD00A2626E /* FruitModel.swift */; };
		1B2F15242669949E00A2626E /* FruitData.swift in Sources */ = {isa = PBXBuildFile; fileRef = 1B2F15232669949E00A2626E /* FruitData.swift */; };
		1B2F1528266C88E500A2626E /* FruitRowView.swift in Sources */ = {isa = PBXBuildFile; fileRef = 1B2F1527266C88E500A2626E /* FruitRowView.swift */; };
		1B4E0DC0266DBE8F00CBC14B /* FruitDetailView.swift in Sources */ = {isa = PBXBuildFile; fileRef = 1B4E0DBF266DBE8F00CBC14B /* FruitDetailView.swift */; };
		1B4E0DC4266DC50300CBC14B /* FruitHeaderView.swift in Sources */ = {isa = PBXBuildFile; fileRef = 1B4E0DC3266DC50300CBC14B /* FruitHeaderView.swift */; };
		1B4E0DC7266DCA2000CBC14B /* SourceLinkView.swift in Sources */ = {isa = PBXBuildFile; fileRef = 1B4E0DC6266DCA2000CBC14B /* SourceLinkView.swift */; };
		1B4E0DCA266DCEE800CBC14B /* FruitsNutrientsView.swift in Sources */ = {isa = PBXBuildFile; fileRef = 1B4E0DC9266DCEE800CBC14B /* FruitsNutrientsView.swift */; };
		1B4E0DCD266E6A2300CBC14B /* SettingsView.swift in Sources */ = {isa = PBXBuildFile; fileRef = 1B4E0DCC266E6A2300CBC14B /* SettingsView.swift */; };
		1B4E0DD0266E809000CBC14B /* SettingsLabelView.swift in Sources */ = {isa = PBXBuildFile; fileRef = 1B4E0DCF266E809000CBC14B /* SettingsLabelView.swift */; };
		1B4E0DD3266E94C900CBC14B /* SettingsRowView.swift in Sources */ = {isa = PBXBuildFile; fileRef = 1B4E0DD2266E94C900CBC14B /* SettingsRowView.swift */; };
		1B4E0DD6266E96F900CBC14B /* SettingsRowLinkView.swift in Sources */ = {isa = PBXBuildFile; fileRef = 1B4E0DD5266E96F900CBC14B /* SettingsRowLinkView.swift */; };
		1BD9C4092667FBB7005689E0 /* FructusApp.swift in Sources */ = {isa = PBXBuildFile; fileRef = 1BD9C4082667FBB7005689E0 /* FructusApp.swift */; };
		1BD9C40B2667FBB7005689E0 /* ContentView.swift in Sources */ = {isa = PBXBuildFile; fileRef = 1BD9C40A2667FBB7005689E0 /* ContentView.swift */; };
		1BD9C40D2667FBBA005689E0 /* Assets.xcassets in Resources */ = {isa = PBXBuildFile; fileRef = 1BD9C40C2667FBBA005689E0 /* Assets.xcassets */; };
		1BD9C4102667FBBA005689E0 /* Preview Assets.xcassets in Resources */ = {isa = PBXBuildFile; fileRef = 1BD9C40F2667FBBA005689E0 /* Preview Assets.xcassets */; };
/* End PBXBuildFile section */

/* Begin PBXFileReference section */
		1B2F15142669869900A2626E /* FruitCardView.swift */ = {isa = PBXFileReference; lastKnownFileType = sourcecode.swift; path = FruitCardView.swift; sourceTree = "<group>"; };
		1B2F151726698C0500A2626E /* StartButtonView.swift */ = {isa = PBXFileReference; lastKnownFileType = sourcecode.swift; path = StartButtonView.swift; sourceTree = "<group>"; };
		1B2F151A26698F8200A2626E /* OnboardingView.swift */ = {isa = PBXFileReference; lastKnownFileType = sourcecode.swift; path = OnboardingView.swift; sourceTree = "<group>"; };
		1B2F151E266993BD00A2626E /* FruitModel.swift */ = {isa = PBXFileReference; lastKnownFileType = sourcecode.swift; path = FruitModel.swift; sourceTree = "<group>"; };
		1B2F15232669949E00A2626E /* FruitData.swift */ = {isa = PBXFileReference; lastKnownFileType = sourcecode.swift; path = FruitData.swift; sourceTree = "<group>"; };
		1B2F1527266C88E500A2626E /* FruitRowView.swift */ = {isa = PBXFileReference; lastKnownFileType = sourcecode.swift; path = FruitRowView.swift; sourceTree = "<group>"; };
		1B4E0DBF266DBE8F00CBC14B /* FruitDetailView.swift */ = {isa = PBXFileReference; lastKnownFileType = sourcecode.swift; name = FruitDetailView.swift; path = Fructus/App/FruitDetailView.swift; sourceTree = SOURCE_ROOT; };
		1B4E0DC3266DC50300CBC14B /* FruitHeaderView.swift */ = {isa = PBXFileReference; lastKnownFileType = sourcecode.swift; path = FruitHeaderView.swift; sourceTree = "<group>"; };
		1B4E0DC6266DCA2000CBC14B /* SourceLinkView.swift */ = {isa = PBXFileReference; lastKnownFileType = sourcecode.swift; path = SourceLinkView.swift; sourceTree = "<group>"; };
		1B4E0DC9266DCEE800CBC14B /* FruitsNutrientsView.swift */ = {isa = PBXFileReference; lastKnownFileType = sourcecode.swift; path = FruitsNutrientsView.swift; sourceTree = "<group>"; };
		1B4E0DCC266E6A2300CBC14B /* SettingsView.swift */ = {isa = PBXFileReference; lastKnownFileType = sourcecode.swift; path = SettingsView.swift; sourceTree = "<group>"; };
		1B4E0DCF266E809000CBC14B /* SettingsLabelView.swift */ = {isa = PBXFileReference; lastKnownFileType = sourcecode.swift; path = SettingsLabelView.swift; sourceTree = "<group>"; };
		1B4E0DD2266E94C900CBC14B /* SettingsRowView.swift */ = {isa = PBXFileReference; lastKnownFileType = sourcecode.swift; path = SettingsRowView.swift; sourceTree = "<group>"; };
		1B4E0DD5266E96F900CBC14B /* SettingsRowLinkView.swift */ = {isa = PBXFileReference; lastKnownFileType = sourcecode.swift; path = SettingsRowLinkView.swift; sourceTree = "<group>"; };
		1BD9C4052667FBB7005689E0 /* Fructus.app */ = {isa = PBXFileReference; explicitFileType = wrapper.application; includeInIndex = 0; path = Fructus.app; sourceTree = BUILT_PRODUCTS_DIR; };
		1BD9C4082667FBB7005689E0 /* FructusApp.swift */ = {isa = PBXFileReference; lastKnownFileType = sourcecode.swift; path = FructusApp.swift; sourceTree = "<group>"; };
		1BD9C40A2667FBB7005689E0 /* ContentView.swift */ = {isa = PBXFileReference; lastKnownFileType = sourcecode.swift; path = ContentView.swift; sourceTree = "<group>"; };
		1BD9C40C2667FBBA005689E0 /* Assets.xcassets */ = {isa = PBXFileReference; lastKnownFileType = folder.assetcatalog; path = Assets.xcassets; sourceTree = "<group>"; };
		1BD9C40F2667FBBA005689E0 /* Preview Assets.xcassets */ = {isa = PBXFileReference; lastKnownFileType = folder.assetcatalog; path = "Preview Assets.xcassets"; sourceTree = "<group>"; };
		1BD9C4112667FBBA005689E0 /* Info.plist */ = {isa = PBXFileReference; lastKnownFileType = text.plist.xml; path = Info.plist; sourceTree = "<group>"; };
/* End PBXFileReference section */

/* Begin PBXFrameworksBuildPhase section */
		1BD9C4022667FBB7005689E0 /* Frameworks */ = {
			isa = PBXFrameworksBuildPhase;
			buildActionMask = 2147483647;
			files = (
			);
			runOnlyForDeploymentPostprocessing = 0;
		};
/* End PBXFrameworksBuildPhase section */

/* Begin PBXGroup section */
		1B2F1511266985C600A2626E /* App */ = {
			isa = PBXGroup;
			children = (
				1B4E0DBF266DBE8F00CBC14B /* FruitDetailView.swift */,
				1BD9C4082667FBB7005689E0 /* FructusApp.swift */,
				1BD9C40A2667FBB7005689E0 /* ContentView.swift */,
				1B2F151A26698F8200A2626E /* OnboardingView.swift */,
				1B4E0DCC266E6A2300CBC14B /* SettingsView.swift */,
			);
			path = App;
			sourceTree = "<group>";
		};
		1B2F15132669863F00A2626E /* Views */ = {
			isa = PBXGroup;
			children = (
				1B2F15142669869900A2626E /* FruitCardView.swift */,
				1B2F151726698C0500A2626E /* StartButtonView.swift */,
				1B2F1527266C88E500A2626E /* FruitRowView.swift */,
				1B4E0DC3266DC50300CBC14B /* FruitHeaderView.swift */,
				1B4E0DC6266DCA2000CBC14B /* SourceLinkView.swift */,
				1B4E0DC9266DCEE800CBC14B /* FruitsNutrientsView.swift */,
				1B4E0DCF266E809000CBC14B /* SettingsLabelView.swift */,
				1B4E0DD2266E94C900CBC14B /* SettingsRowView.swift */,
				1B4E0DD5266E96F900CBC14B /* SettingsRowLinkView.swift */,
			);
			path = Views;
			sourceTree = "<group>";
		};
		1B2F151D266993A600A2626E /* Model */ = {
			isa = PBXGroup;
			children = (
				1B2F151E266993BD00A2626E /* FruitModel.swift */,
			);
			path = Model;
			sourceTree = "<group>";
		};
		1B2F15222669948700A2626E /* Data */ = {
			isa = PBXGroup;
			children = (
				1B2F15232669949E00A2626E /* FruitData.swift */,
			);
			path = Data;
			sourceTree = "<group>";
		};
		1BD9C3FC2667FBB7005689E0 = {
			isa = PBXGroup;
			children = (
				1BD9C4072667FBB7005689E0 /* Fructus */,
				1BD9C4062667FBB7005689E0 /* Products */,
			);
			sourceTree = "<group>";
		};
		1BD9C4062667FBB7005689E0 /* Products */ = {
			isa = PBXGroup;
			children = (
				1BD9C4052667FBB7005689E0 /* Fructus.app */,
			);
			name = Products;
			sourceTree = "<group>";
		};
		1BD9C4072667FBB7005689E0 /* Fructus */ = {
			isa = PBXGroup;
			children = (
				1B2F15222669948700A2626E /* Data */,
				1B2F151D266993A600A2626E /* Model */,
				1B2F15132669863F00A2626E /* Views */,
				1B2F1511266985C600A2626E /* App */,
				1BD9C40C2667FBBA005689E0 /* Assets.xcassets */,
				1BD9C4112667FBBA005689E0 /* Info.plist */,
				1BD9C40E2667FBBA005689E0 /* Preview Content */,
			);
			path = Fructus;
			sourceTree = "<group>";
		};
		1BD9C40E2667FBBA005689E0 /* Preview Content */ = {
			isa = PBXGroup;
			children = (
				1BD9C40F2667FBBA005689E0 /* Preview Assets.xcassets */,
			);
			path = "Preview Content";
			sourceTree = "<group>";
		};
/* End PBXGroup section */

/* Begin PBXNativeTarget section */
		1BD9C4042667FBB7005689E0 /* Fructus */ = {
			isa = PBXNativeTarget;
			buildConfigurationList = 1BD9C4142667FBBA005689E0 /* Build configuration list for PBXNativeTarget "Fructus" */;
			buildPhases = (
				1BD9C4012667FBB7005689E0 /* Sources */,
				1BD9C4022667FBB7005689E0 /* Frameworks */,
				1BD9C4032667FBB7005689E0 /* Resources */,
			);
			buildRules = (
			);
			dependencies = (
			);
			name = Fructus;
			productName = Fructus;
			productReference = 1BD9C4052667FBB7005689E0 /* Fructus.app */;
			productType = "com.apple.product-type.application";
		};
/* End PBXNativeTarget section */

/* Begin PBXProject section */
		1BD9C3FD2667FBB7005689E0 /* Project object */ = {
			isa = PBXProject;
			attributes = {
				LastSwiftUpdateCheck = 1240;
				LastUpgradeCheck = 1240;
				TargetAttributes = {
					1BD9C4042667FBB7005689E0 = {
						CreatedOnToolsVersion = 12.4;
					};
				};
			};
			buildConfigurationList = 1BD9C4002667FBB7005689E0 /* Build configuration list for PBXProject "Fructus" */;
			compatibilityVersion = "Xcode 9.3";
			developmentRegion = en;
			hasScannedForEncodings = 0;
			knownRegions = (
				en,
				Base,
			);
			mainGroup = 1BD9C3FC2667FBB7005689E0;
			productRefGroup = 1BD9C4062667FBB7005689E0 /* Products */;
			projectDirPath = "";
			projectRoot = "";
			targets = (
				1BD9C4042667FBB7005689E0 /* Fructus */,
			);
		};
/* End PBXProject section */

/* Begin PBXResourcesBuildPhase section */
		1BD9C4032667FBB7005689E0 /* Resources */ = {
			isa = PBXResourcesBuildPhase;
			buildActionMask = 2147483647;
			files = (
				1BD9C4102667FBBA005689E0 /* Preview Assets.xcassets in Resources */,
				1BD9C40D2667FBBA005689E0 /* Assets.xcassets in Resources */,
			);
			runOnlyForDeploymentPostprocessing = 0;
		};
/* End PBXResourcesBuildPhase section */

/* Begin PBXSourcesBuildPhase section */
		1BD9C4012667FBB7005689E0 /* Sources */ = {
			isa = PBXSourcesBuildPhase;
			buildActionMask = 2147483647;
			files = (
				1B2F15242669949E00A2626E /* FruitData.swift in Sources */,
				1B4E0DC7266DCA2000CBC14B /* SourceLinkView.swift in Sources */,
				1B4E0DD3266E94C900CBC14B /* SettingsRowView.swift in Sources */,
				1B2F15152669869900A2626E /* FruitCardView.swift in Sources */,
				1B2F1528266C88E500A2626E /* FruitRowView.swift in Sources */,
				1B2F151826698C0500A2626E /* StartButtonView.swift in Sources */,
				1B4E0DD6266E96F900CBC14B /* SettingsRowLinkView.swift in Sources */,
				1B4E0DC0266DBE8F00CBC14B /* FruitDetailView.swift in Sources */,
				1BD9C40B2667FBB7005689E0 /* ContentView.swift in Sources */,
				1B4E0DC4266DC50300CBC14B /* FruitHeaderView.swift in Sources */,
				1B4E0DCA266DCEE800CBC14B /* FruitsNutrientsView.swift in Sources */,
				1B2F151B26698F8200A2626E /* OnboardingView.swift in Sources */,
				1B4E0DD0266E809000CBC14B /* SettingsLabelView.swift in Sources */,
				1B2F151F266993BD00A2626E /* FruitModel.swift in Sources */,
				1BD9C4092667FBB7005689E0 /* FructusApp.swift in Sources */,
				1B4E0DCD266E6A2300CBC14B /* SettingsView.swift in Sources */,
			);
			runOnlyForDeploymentPostprocessing = 0;
		};
/* End PBXSourcesBuildPhase section */

/* Begin XCBuildConfiguration section */
		1BD9C4122667FBBA005689E0 /* Debug */ = {
			isa = XCBuildConfiguration;
			buildSettings = {
				ALWAYS_SEARCH_USER_PATHS = NO;
				CLANG_ANALYZER_NONNULL = YES;
				CLANG_ANALYZER_NUMBER_OBJECT_CONVERSION = YES_AGGRESSIVE;
				CLANG_CXX_LANGUAGE_STANDARD = "gnu++14";
				CLANG_CXX_LIBRARY = "libc++";
				CLANG_ENABLE_MODULES = YES;
				CLANG_ENABLE_OBJC_ARC = YES;
				CLANG_ENABLE_OBJC_WEAK = YES;
				CLANG_WARN_BLOCK_CAPTURE_AUTORELEASING = YES;
				CLANG_WARN_BOOL_CONVERSION = YES;
				CLANG_WARN_COMMA = YES;
				CLANG_WARN_CONSTANT_CONVERSION = YES;
				CLANG_WARN_DEPRECATED_OBJC_IMPLEMENTATIONS = YES;
				CLANG_WARN_DIRECT_OBJC_ISA_USAGE = YES_ERROR;
				CLANG_WARN_DOCUMENTATION_COMMENTS = YES;
				CLANG_WARN_EMPTY_BODY = YES;
				CLANG_WARN_ENUM_CONVERSION = YES;
				CLANG_WARN_INFINITE_RECURSION = YES;
				CLANG_WARN_INT_CONVERSION = YES;
				CLANG_WARN_NON_LITERAL_NULL_CONVERSION = YES;
				CLANG_WARN_OBJC_IMPLICIT_RETAIN_SELF = YES;
				CLANG_WARN_OBJC_LITERAL_CONVERSION = YES;
				CLANG_WARN_OBJC_ROOT_CLASS = YES_ERROR;
				CLANG_WARN_QUOTED_INCLUDE_IN_FRAMEWORK_HEADER = YES;
				CLANG_WARN_RANGE_LOOP_ANALYSIS = YES;
				CLANG_WARN_STRICT_PROTOTYPES = YES;
				CLANG_WARN_SUSPICIOUS_MOVE = YES;
				CLANG_WARN_UNGUARDED_AVAILABILITY = YES_AGGRESSIVE;
				CLANG_WARN_UNREACHABLE_CODE = YES;
				CLANG_WARN__DUPLICATE_METHOD_MATCH = YES;
				COPY_PHASE_STRIP = NO;
				DEBUG_INFORMATION_FORMAT = dwarf;
				ENABLE_STRICT_OBJC_MSGSEND = YES;
				ENABLE_TESTABILITY = YES;
				GCC_C_LANGUAGE_STANDARD = gnu11;
				GCC_DYNAMIC_NO_PIC = NO;
				GCC_NO_COMMON_BLOCKS = YES;
				GCC_OPTIMIZATION_LEVEL = 0;
				GCC_PREPROCESSOR_DEFINITIONS = (
					"DEBUG=1",
					"$(inherited)",
				);
				GCC_WARN_64_TO_32_BIT_CONVERSION = YES;
				GCC_WARN_ABOUT_RETURN_TYPE = YES_ERROR;
				GCC_WARN_UNDECLARED_SELECTOR = YES;
				GCC_WARN_UNINITIALIZED_AUTOS = YES_AGGRESSIVE;
				GCC_WARN_UNUSED_FUNCTION = YES;
				GCC_WARN_UNUSED_VARIABLE = YES;
				IPHONEOS_DEPLOYMENT_TARGET = 14.4;
				MTL_ENABLE_DEBUG_INFO = INCLUDE_SOURCE;
				MTL_FAST_MATH = YES;
				ONLY_ACTIVE_ARCH = YES;
				SDKROOT = iphoneos;
				SWIFT_ACTIVE_COMPILATION_CONDITIONS = DEBUG;
				SWIFT_OPTIMIZATION_LEVEL = "-Onone";
			};
			name = Debug;
		};
		1BD9C4132667FBBA005689E0 /* Release */ = {
			isa = XCBuildConfiguration;
			buildSettings = {
				ALWAYS_SEARCH_USER_PATHS = NO;
				CLANG_ANALYZER_NONNULL = YES;
				CLANG_ANALYZER_NUMBER_OBJECT_CONVERSION = YES_AGGRESSIVE;
				CLANG_CXX_LANGUAGE_STANDARD = "gnu++14";
				CLANG_CXX_LIBRARY = "libc++";
				CLANG_ENABLE_MODULES = YES;
				CLANG_ENABLE_OBJC_ARC = YES;
				CLANG_ENABLE_OBJC_WEAK = YES;
				CLANG_WARN_BLOCK_CAPTURE_AUTORELEASING = YES;
				CLANG_WARN_BOOL_CONVERSION = YES;
				CLANG_WARN_COMMA = YES;
				CLANG_WARN_CONSTANT_CONVERSION = YES;
				CLANG_WARN_DEPRECATED_OBJC_IMPLEMENTATIONS = YES;
				CLANG_WARN_DIRECT_OBJC_ISA_USAGE = YES_ERROR;
				CLANG_WARN_DOCUMENTATION_COMMENTS = YES;
				CLANG_WARN_EMPTY_BODY = YES;
				CLANG_WARN_ENUM_CONVERSION = YES;
				CLANG_WARN_INFINITE_RECURSION = YES;
				CLANG_WARN_INT_CONVERSION = YES;
				CLANG_WARN_NON_LITERAL_NULL_CONVERSION = YES;
				CLANG_WARN_OBJC_IMPLICIT_RETAIN_SELF = YES;
				CLANG_WARN_OBJC_LITERAL_CONVERSION = YES;
				CLANG_WARN_OBJC_ROOT_CLASS = YES_ERROR;
				CLANG_WARN_QUOTED_INCLUDE_IN_FRAMEWORK_HEADER = YES;
				CLANG_WARN_RANGE_LOOP_ANALYSIS = YES;
				CLANG_WARN_STRICT_PROTOTYPES = YES;
				CLANG_WARN_SUSPICIOUS_MOVE = YES;
				CLANG_WARN_UNGUARDED_AVAILABILITY = YES_AGGRESSIVE;
				CLANG_WARN_UNREACHABLE_CODE = YES;
				CLANG_WARN__DUPLICATE_METHOD_MATCH = YES;
				COPY_PHASE_STRIP = NO;
				DEBUG_INFORMATION_FORMAT = "dwarf-with-dsym";
				ENABLE_NS_ASSERTIONS = NO;
				ENABLE_STRICT_OBJC_MSGSEND = YES;
				GCC_C_LANGUAGE_STANDARD = gnu11;
				GCC_NO_COMMON_BLOCKS = YES;
				GCC_WARN_64_TO_32_BIT_CONVERSION = YES;
				GCC_WARN_ABOUT_RETURN_TYPE = YES_ERROR;
				GCC_WARN_UNDECLARED_SELECTOR = YES;
				GCC_WARN_UNINITIALIZED_AUTOS = YES_AGGRESSIVE;
				GCC_WARN_UNUSED_FUNCTION = YES;
				GCC_WARN_UNUSED_VARIABLE = YES;
				IPHONEOS_DEPLOYMENT_TARGET = 14.4;
				MTL_ENABLE_DEBUG_INFO = NO;
				MTL_FAST_MATH = YES;
				SDKROOT = iphoneos;
				SWIFT_COMPILATION_MODE = wholemodule;
				SWIFT_OPTIMIZATION_LEVEL = "-O";
				VALIDATE_PRODUCT = YES;
			};
			name = Release;
		};
		1BD9C4152667FBBA005689E0 /* Debug */ = {
			isa = XCBuildConfiguration;
			buildSettings = {
				ASSETCATALOG_COMPILER_APPICON_NAME = AppIcon;
				ASSETCATALOG_COMPILER_GLOBAL_ACCENT_COLOR_NAME = AccentColor;
				CODE_SIGN_STYLE = Automatic;
				DEVELOPMENT_ASSET_PATHS = "\"Fructus/Preview Content\"";
				ENABLE_PREVIEWS = YES;
				INFOPLIST_FILE = Fructus/Info.plist;
				IPHONEOS_DEPLOYMENT_TARGET = 14.0;
				LD_RUNPATH_SEARCH_PATHS = (
					"$(inherited)",
					"@executable_path/Frameworks",
				);
				PRODUCT_BUNDLE_IDENTIFIER = com.markalfordjr.Fructus;
				PRODUCT_NAME = "$(TARGET_NAME)";
				SWIFT_VERSION = 5.0;
				TARGETED_DEVICE_FAMILY = "1,2";
			};
			name = Debug;
		};
		1BD9C4162667FBBA005689E0 /* Release */ = {
			isa = XCBuildConfiguration;
			buildSettings = {
				ASSETCATALOG_COMPILER_APPICON_NAME = AppIcon;
				ASSETCATALOG_COMPILER_GLOBAL_ACCENT_COLOR_NAME = AccentColor;
				CODE_SIGN_STYLE = Automatic;
				DEVELOPMENT_ASSET_PATHS = "\"Fructus/Preview Content\"";
				ENABLE_PREVIEWS = YES;
				INFOPLIST_FILE = Fructus/Info.plist;
				IPHONEOS_DEPLOYMENT_TARGET = 14.0;
				LD_RUNPATH_SEARCH_PATHS = (
					"$(inherited)",
					"@executable_path/Frameworks",
				);
				PRODUCT_BUNDLE_IDENTIFIER = com.markalfordjr.Fructus;
				PRODUCT_NAME = "$(TARGET_NAME)";
				SWIFT_VERSION = 5.0;
				TARGETED_DEVICE_FAMILY = "1,2";
			};
			name = Release;
		};
/* End XCBuildConfiguration section */

/* Begin XCConfigurationList section */
		1BD9C4002667FBB7005689E0 /* Build configuration list for PBXProject "Fructus" */ = {
			isa = XCConfigurationList;
			buildConfigurations = (
				1BD9C4122667FBBA005689E0 /* Debug */,
				1BD9C4132667FBBA005689E0 /* Release */,
			);
			defaultConfigurationIsVisible = 0;
			defaultConfigurationName = Release;
		};
		1BD9C4142667FBBA005689E0 /* Build configuration list for PBXNativeTarget "Fructus" */ = {
			isa = XCConfigurationList;
			buildConfigurations = (
				1BD9C4152667FBBA005689E0 /* Debug */,
				1BD9C4162667FBBA005689E0 /* Release */,
			);
			defaultConfigurationIsVisible = 0;
			defaultConfigurationName = Release;
		};
/* End XCConfigurationList section */
	};
	rootObject = 1BD9C3FD2667FBB7005689E0 /* Project object */;
}
